{
  "name": "create-ai-operating-system",
  "version": "0.1.0",
  "lockfileVersion": 3,
  "requires": true,
  "packages": {
    "": {
      "name": "create-ai-operating-system",
      "version": "0.1.0",
      "license": "Apache-2.0",
      "bin": {
        "create-ai-operating-system": "bin/create-ai-operating-system.js"
      },
      "engines": {
        "node": ">=18"
      }
    }
  }
}
